
Microsoft Visual Studio Solution File, Format Version 12.00
# Visual Studio Version 17
VisualStudioVersion = 17.5.33627.172
MinimumVisualStudioVersion = 10.0.40219.1
Project("{9A19103F-16F7-4668-BE54-9A1E7A4F7556}") = "DWNO_SeamlessBGM", "DWNO_SeamlessBGM.csproj", "{C8F9EBB8-DB18-4CA4-A0C5-1E7F32C124F2}"
EndProject
Global
	GlobalSection(SolutionConfigurationPlatforms) = preSolution
		Debug|Any CPU = Debug|Any CPU
		Release|Any CPU = Release|Any CPU
	EndGlobalSection
	GlobalSection(ProjectConfigurationPlatforms) = postSolution
		{C8F9EBB8-DB18-4CA4-A0C5-1E7F32C124F2}.Debug|Any CPU.ActiveCfg = Debug|Any CPU
		{C8F9EBB8-DB18-4CA4-A0C5-1E7F32C124F2}.Debug|Any CPU.Build.0 = Debug|Any CPU
		{C8F9EBB8-DB18-4CA4-A0C5-1E7F32C124F2}.Release|Any CPU.ActiveCfg = Release|Any CPU
		{C8F9EBB8-DB18-4CA4-A0C5-1E7F32C124F2}.Release|Any CPU.Build.0 = Release|Any CPU
	EndGlobalSection
	GlobalSection(SolutionProperties) = preSolution
		HideSolutionNode = FALSE
	EndGlobalSection
	GlobalSection(ExtensibilityGlobals) = postSolution
		SolutionGuid = {89AD4DCB-2E77-459D-96EF-261864299B3E}
	EndGlobalSection
EndGlobal
